
Microsoft Visual Studio Solution File, Format Version 12.00
# Visual Studio Version 16
VisualStudioVersion = 16.0.31613.86
MinimumVisualStudioVersion = 10.0.40219.1
Project("{FAE04EC0-301F-11D3-BF4B-00C04F79EFBC}") = "Total2DArray", "Total2DArray.csproj", "{587DDBDB-D165-4F39-A8BE-C283CA77E495}"
EndProject
Global
	GlobalSection(SolutionConfigurationPlatforms) = preSolution
		Debug|Any CPU = Debug|Any CPU
		Release|Any CPU = Release|Any CPU
	EndGlobalSection
	GlobalSection(ProjectConfigurationPlatforms) = postSolution
		{587DDBDB-D165-4F39-A8BE-C283CA77E495}.Debug|Any CPU.ActiveCfg = Debug|Any CPU
		{587DDBDB-D165-4F39-A8BE-C283CA77E495}.Debug|Any CPU.Build.0 = Debug|Any CPU
		{587DDBDB-D165-4F39-A8BE-C283CA77E495}.Release|Any CPU.ActiveCfg = Release|Any CPU
		{587DDBDB-D165-4F39-A8BE-C283CA77E495}.Release|Any CPU.Build.0 = Release|Any CPU
	EndGlobalSection
	GlobalSection(SolutionProperties) = preSolution
		HideSolutionNode = FALSE
	EndGlobalSection
	GlobalSection(ExtensibilityGlobals) = postSolution
		SolutionGuid = {90CF8862-CFBC-4100-941D-EE36A0F20939}
	EndGlobalSection
EndGlobal
