
Microsoft Visual Studio Solution File, Format Version 12.00
# Visual Studio Version 16
VisualStudioVersion = 16.0.31613.86
MinimumVisualStudioVersion = 10.0.40219.1
Project("{FAE04EC0-301F-11D3-BF4B-00C04F79EFBC}") = "TotalDiagonals", "TotalDiagonals.csproj", "{C053FA65-EB08-4763-81F1-5900D0B800CF}"
EndProject
Global
	GlobalSection(SolutionConfigurationPlatforms) = preSolution
		Debug|Any CPU = Debug|Any CPU
		Release|Any CPU = Release|Any CPU
	EndGlobalSection
	GlobalSection(ProjectConfigurationPlatforms) = postSolution
		{C053FA65-EB08-4763-81F1-5900D0B800CF}.Debug|Any CPU.ActiveCfg = Debug|Any CPU
		{C053FA65-EB08-4763-81F1-5900D0B800CF}.Debug|Any CPU.Build.0 = Debug|Any CPU
		{C053FA65-EB08-4763-81F1-5900D0B800CF}.Release|Any CPU.ActiveCfg = Release|Any CPU
		{C053FA65-EB08-4763-81F1-5900D0B800CF}.Release|Any CPU.Build.0 = Release|Any CPU
	EndGlobalSection
	GlobalSection(SolutionProperties) = preSolution
		HideSolutionNode = FALSE
	EndGlobalSection
	GlobalSection(ExtensibilityGlobals) = postSolution
		SolutionGuid = {7F5196F7-30E3-4BA1-A414-EE20F2927734}
	EndGlobalSection
EndGlobal
